// !$*UTF8*$!
{
	archiveVersion = 1;
	classes = {
	};
	objectVersion = 56;
	objects = {

/* Begin PBXBuildFile section */
		39483E092941A9760071E668 /* APIManager.swift in Sources */ = {isa = PBXBuildFile; fileRef = 39483E082941A9760071E668 /* APIManager.swift */; };
		39483E0B2941AA2C0071E668 /* RequestManager.swift in Sources */ = {isa = PBXBuildFile; fileRef = 39483E0A2941AA2C0071E668 /* RequestManager.swift */; };
		39483E0D2941B0B80071E668 /* API.swift in Sources */ = {isa = PBXBuildFile; fileRef = 39483E0C2941B0B80071E668 /* API.swift */; };
		39483E102941B8780071E668 /* Album.swift in Sources */ = {isa = PBXBuildFile; fileRef = 39483E0F2941B8780071E668 /* Album.swift */; };
		39483E132941BC970071E668 /* ReleaseContainer.swift in Sources */ = {isa = PBXBuildFile; fileRef = 39483E122941BC970071E668 /* ReleaseContainer.swift */; };
		39483E152941BCA90071E668 /* Paginator.swift in Sources */ = {isa = PBXBuildFile; fileRef = 39483E142941BCA90071E668 /* Paginator.swift */; };
		39483E172941BCF30071E668 /* Artist.swift in Sources */ = {isa = PBXBuildFile; fileRef = 39483E162941BCF30071E668 /* Artist.swift */; };
		394CFF1A29403E48006FB3A9 /* AppDelegate.swift in Sources */ = {isa = PBXBuildFile; fileRef = 394CFF1929403E48006FB3A9 /* AppDelegate.swift */; };
		394CFF1C29403E48006FB3A9 /* SceneDelegate.swift in Sources */ = {isa = PBXBuildFile; fileRef = 394CFF1B29403E48006FB3A9 /* SceneDelegate.swift */; };
		394CFF2329403E48006FB3A9 /* Assets.xcassets in Resources */ = {isa = PBXBuildFile; fileRef = 394CFF2229403E48006FB3A9 /* Assets.xcassets */; };
		394CFF2629403E48006FB3A9 /* LaunchScreen.storyboard in Resources */ = {isa = PBXBuildFile; fileRef = 394CFF2429403E48006FB3A9 /* LaunchScreen.storyboard */; };
		394CFF3129403E49006FB3A9 /* Spotify_ChallengeTests.swift in Sources */ = {isa = PBXBuildFile; fileRef = 394CFF3029403E49006FB3A9 /* Spotify_ChallengeTests.swift */; };
		394CFF3B29403E49006FB3A9 /* Spotify_ChallengeUITests.swift in Sources */ = {isa = PBXBuildFile; fileRef = 394CFF3A29403E49006FB3A9 /* Spotify_ChallengeUITests.swift */; };
		394CFF3D29403E49006FB3A9 /* Spotify_ChallengeUITestsLaunchTests.swift in Sources */ = {isa = PBXBuildFile; fileRef = 394CFF3C29403E49006FB3A9 /* Spotify_ChallengeUITestsLaunchTests.swift */; };
		39CD707C2940E61500559D0E /* TabBarController.swift in Sources */ = {isa = PBXBuildFile; fileRef = 39CD707B2940E61500559D0E /* TabBarController.swift */; };
		39CD707E2940E9A500559D0E /* NewReleasesController.swift in Sources */ = {isa = PBXBuildFile; fileRef = 39CD707D2940E9A500559D0E /* NewReleasesController.swift */; };
		39CD70822940E9E700559D0E /* ArtistController.swift in Sources */ = {isa = PBXBuildFile; fileRef = 39CD70812940E9E700559D0E /* ArtistController.swift */; };
		39CD70862940EB2500559D0E /* UIColor+Ext.swift in Sources */ = {isa = PBXBuildFile; fileRef = 39CD70852940EB2500559D0E /* UIColor+Ext.swift */; };
		39CD708C2940EEC200559D0E /* GothamBold.ttf in Resources */ = {isa = PBXBuildFile; fileRef = 39CD70892940EEC100559D0E /* GothamBold.ttf */; };
		39CD708D2940EEC200559D0E /* GothamLight.ttf in Resources */ = {isa = PBXBuildFile; fileRef = 39CD708A2940EEC100559D0E /* GothamLight.ttf */; };
		39CD708E2940EEC200559D0E /* GothamMedium.ttf in Resources */ = {isa = PBXBuildFile; fileRef = 39CD708B2940EEC200559D0E /* GothamMedium.ttf */; };
		39CD7098294131C900559D0E /* RequestProtocol.swift in Sources */ = {isa = PBXBuildFile; fileRef = 39CD7097294131C900559D0E /* RequestProtocol.swift */; };
		39CD709A294131F900559D0E /* RequestType.swift in Sources */ = {isa = PBXBuildFile; fileRef = 39CD7099294131F900559D0E /* RequestType.swift */; };
		39CD709C294134ED00559D0E /* Constants.swift in Sources */ = {isa = PBXBuildFile; fileRef = 39CD709B294134ED00559D0E /* Constants.swift */; };
		39DC185C29422BA6003EB688 /* NewReleaseCell.swift in Sources */ = {isa = PBXBuildFile; fileRef = 39DC185B29422BA6003EB688 /* NewReleaseCell.swift */; };
		39DC185E29422DEA003EB688 /* UIView+Ext.swift in Sources */ = {isa = PBXBuildFile; fileRef = 39DC185D29422DEA003EB688 /* UIView+Ext.swift */; };
		39DC186029423691003EB688 /* UIFont+Ext.swift in Sources */ = {isa = PBXBuildFile; fileRef = 39DC185F29423691003EB688 /* UIFont+Ext.swift */; };
		39DC186329423CBF003EB688 /* Kingfisher in Frameworks */ = {isa = PBXBuildFile; productRef = 39DC186229423CBF003EB688 /* Kingfisher */; };
		39DC186529426384003EB688 /* NewReleasesViewModel.swift in Sources */ = {isa = PBXBuildFile; fileRef = 39DC186429426384003EB688 /* NewReleasesViewModel.swift */; };
		39E2621C29438F540085397E /* GenreCell.swift in Sources */ = {isa = PBXBuildFile; fileRef = 39E2621B29438F540085397E /* GenreCell.swift */; };
		9055D4892942BE48003F70AB /* NewReleaseLabelCell.swift in Sources */ = {isa = PBXBuildFile; fileRef = 9055D4882942BE48003F70AB /* NewReleaseLabelCell.swift */; };
		9055D48C2942F790003F70AB /* GradientView.swift in Sources */ = {isa = PBXBuildFile; fileRef = 9055D48B2942F790003F70AB /* GradientView.swift */; };
		9055D48E29430419003F70AB /* ArtistInfoVIew.swift in Sources */ = {isa = PBXBuildFile; fileRef = 9055D48D29430419003F70AB /* ArtistInfoVIew.swift */; };
		9055D49029430D7F003F70AB /* ArtistViewModel.swift in Sources */ = {isa = PBXBuildFile; fileRef = 9055D48F29430D7F003F70AB /* ArtistViewModel.swift */; };
		90EFCA812943504A00A02069 /* GenresController.swift in Sources */ = {isa = PBXBuildFile; fileRef = 90EFCA802943504A00A02069 /* GenresController.swift */; };
		90EFCA832943505700A02069 /* GenresViewModel.swift in Sources */ = {isa = PBXBuildFile; fileRef = 90EFCA822943505700A02069 /* GenresViewModel.swift */; };
		90EFCA852943514E00A02069 /* Genres.swift in Sources */ = {isa = PBXBuildFile; fileRef = 90EFCA842943514E00A02069 /* Genres.swift */; };
/* End PBXBuildFile section */

/* Begin PBXContainerItemProxy section */
		394CFF2D29403E49006FB3A9 /* PBXContainerItemProxy */ = {
			isa = PBXContainerItemProxy;
			containerPortal = 394CFF0E29403E47006FB3A9 /* Project object */;
			proxyType = 1;
			remoteGlobalIDString = 394CFF1529403E48006FB3A9;
			remoteInfo = "Spotify Challenge";
		};
		394CFF3729403E49006FB3A9 /* PBXContainerItemProxy */ = {
			isa = PBXContainerItemProxy;
			containerPortal = 394CFF0E29403E47006FB3A9 /* Project object */;
			proxyType = 1;
			remoteGlobalIDString = 394CFF1529403E48006FB3A9;
			remoteInfo = "Spotify Challenge";
		};
/* End PBXContainerItemProxy section */

/* Begin PBXFileReference section */
		39483E082941A9760071E668 /* APIManager.swift */ = {isa = PBXFileReference; lastKnownFileType = sourcecode.swift; path = APIManager.swift; sourceTree = "<group>"; };
		39483E0A2941AA2C0071E668 /* RequestManager.swift */ = {isa = PBXFileReference; lastKnownFileType = sourcecode.swift; path = RequestManager.swift; sourceTree = "<group>"; };
		39483E0C2941B0B80071E668 /* API.swift */ = {isa = PBXFileReference; lastKnownFileType = sourcecode.swift; path = API.swift; sourceTree = "<group>"; };
		39483E0F2941B8780071E668 /* Album.swift */ = {isa = PBXFileReference; lastKnownFileType = sourcecode.swift; path = Album.swift; sourceTree = "<group>"; };
		39483E122941BC970071E668 /* ReleaseContainer.swift */ = {isa = PBXFileReference; lastKnownFileType = sourcecode.swift; path = ReleaseContainer.swift; sourceTree = "<group>"; };
		39483E142941BCA90071E668 /* Paginator.swift */ = {isa = PBXFileReference; lastKnownFileType = sourcecode.swift; path = Paginator.swift; sourceTree = "<group>"; };
		39483E162941BCF30071E668 /* Artist.swift */ = {isa = PBXFileReference; lastKnownFileType = sourcecode.swift; path = Artist.swift; sourceTree = "<group>"; };
		394CFF1629403E48006FB3A9 /* Spotify Challenge.app */ = {isa = PBXFileReference; explicitFileType = wrapper.application; includeInIndex = 0; path = "Spotify Challenge.app"; sourceTree = BUILT_PRODUCTS_DIR; };
		394CFF1929403E48006FB3A9 /* AppDelegate.swift */ = {isa = PBXFileReference; lastKnownFileType = sourcecode.swift; path = AppDelegate.swift; sourceTree = "<group>"; };
		394CFF1B29403E48006FB3A9 /* SceneDelegate.swift */ = {isa = PBXFileReference; lastKnownFileType = sourcecode.swift; path = SceneDelegate.swift; sourceTree = "<group>"; };
		394CFF2229403E48006FB3A9 /* Assets.xcassets */ = {isa = PBXFileReference; lastKnownFileType = folder.assetcatalog; path = Assets.xcassets; sourceTree = "<group>"; };
		394CFF2529403E48006FB3A9 /* Base */ = {isa = PBXFileReference; lastKnownFileType = file.storyboard; name = Base; path = Base.lproj/LaunchScreen.storyboard; sourceTree = "<group>"; };
		394CFF2729403E48006FB3A9 /* Info.plist */ = {isa = PBXFileReference; lastKnownFileType = text.plist.xml; path = Info.plist; sourceTree = "<group>"; };
		394CFF2C29403E49006FB3A9 /* Spotify ChallengeTests.xctest */ = {isa = PBXFileReference; explicitFileType = wrapper.cfbundle; includeInIndex = 0; path = "Spotify ChallengeTests.xctest"; sourceTree = BUILT_PRODUCTS_DIR; };
		394CFF3029403E49006FB3A9 /* Spotify_ChallengeTests.swift */ = {isa = PBXFileReference; lastKnownFileType = sourcecode.swift; path = Spotify_ChallengeTests.swift; sourceTree = "<group>"; };
		394CFF3629403E49006FB3A9 /* Spotify ChallengeUITests.xctest */ = {isa = PBXFileReference; explicitFileType = wrapper.cfbundle; includeInIndex = 0; path = "Spotify ChallengeUITests.xctest"; sourceTree = BUILT_PRODUCTS_DIR; };
		394CFF3A29403E49006FB3A9 /* Spotify_ChallengeUITests.swift */ = {isa = PBXFileReference; lastKnownFileType = sourcecode.swift; path = Spotify_ChallengeUITests.swift; sourceTree = "<group>"; };
		394CFF3C29403E49006FB3A9 /* Spotify_ChallengeUITestsLaunchTests.swift */ = {isa = PBXFileReference; lastKnownFileType = sourcecode.swift; path = Spotify_ChallengeUITestsLaunchTests.swift; sourceTree = "<group>"; };
		39CD707B2940E61500559D0E /* TabBarController.swift */ = {isa = PBXFileReference; lastKnownFileType = sourcecode.swift; path = TabBarController.swift; sourceTree = "<group>"; };
		39CD707D2940E9A500559D0E /* NewReleasesController.swift */ = {isa = PBXFileReference; lastKnownFileType = sourcecode.swift; path = NewReleasesController.swift; sourceTree = "<group>"; };
		39CD70812940E9E700559D0E /* ArtistController.swift */ = {isa = PBXFileReference; lastKnownFileType = sourcecode.swift; path = ArtistController.swift; sourceTree = "<group>"; };
		39CD70852940EB2500559D0E /* UIColor+Ext.swift */ = {isa = PBXFileReference; lastKnownFileType = sourcecode.swift; path = "UIColor+Ext.swift"; sourceTree = "<group>"; };
		39CD70892940EEC100559D0E /* GothamBold.ttf */ = {isa = PBXFileReference; lastKnownFileType = file; path = GothamBold.ttf; sourceTree = "<group>"; };
		39CD708A2940EEC100559D0E /* GothamLight.ttf */ = {isa = PBXFileReference; lastKnownFileType = file; path = GothamLight.ttf; sourceTree = "<group>"; };
		39CD708B2940EEC200559D0E /* GothamMedium.ttf */ = {isa = PBXFileReference; lastKnownFileType = file; path = GothamMedium.ttf; sourceTree = "<group>"; };
		39CD7097294131C900559D0E /* RequestProtocol.swift */ = {isa = PBXFileReference; lastKnownFileType = sourcecode.swift; path = RequestProtocol.swift; sourceTree = "<group>"; };
		39CD7099294131F900559D0E /* RequestType.swift */ = {isa = PBXFileReference; lastKnownFileType = sourcecode.swift; path = RequestType.swift; sourceTree = "<group>"; };
		39CD709B294134ED00559D0E /* Constants.swift */ = {isa = PBXFileReference; lastKnownFileType = sourcecode.swift; path = Constants.swift; sourceTree = "<group>"; };
		39DC185B29422BA6003EB688 /* NewReleaseCell.swift */ = {isa = PBXFileReference; lastKnownFileType = sourcecode.swift; path = NewReleaseCell.swift; sourceTree = "<group>"; };
		39DC185D29422DEA003EB688 /* UIView+Ext.swift */ = {isa = PBXFileReference; lastKnownFileType = sourcecode.swift; path = "UIView+Ext.swift"; sourceTree = "<group>"; };
		39DC185F29423691003EB688 /* UIFont+Ext.swift */ = {isa = PBXFileReference; lastKnownFileType = sourcecode.swift; path = "UIFont+Ext.swift"; sourceTree = "<group>"; };
		39DC186429426384003EB688 /* NewReleasesViewModel.swift */ = {isa = PBXFileReference; lastKnownFileType = sourcecode.swift; path = NewReleasesViewModel.swift; sourceTree = "<group>"; };
		39E2621B29438F540085397E /* GenreCell.swift */ = {isa = PBXFileReference; lastKnownFileType = sourcecode.swift; path = GenreCell.swift; sourceTree = "<group>"; };
		9055D4882942BE48003F70AB /* NewReleaseLabelCell.swift */ = {isa = PBXFileReference; lastKnownFileType = sourcecode.swift; path = NewReleaseLabelCell.swift; sourceTree = "<group>"; };
		9055D48B2942F790003F70AB /* GradientView.swift */ = {isa = PBXFileReference; lastKnownFileType = sourcecode.swift; path = GradientView.swift; sourceTree = "<group>"; };
		9055D48D29430419003F70AB /* ArtistInfoVIew.swift */ = {isa = PBXFileReference; lastKnownFileType = sourcecode.swift; path = ArtistInfoVIew.swift; sourceTree = "<group>"; };
		9055D48F29430D7F003F70AB /* ArtistViewModel.swift */ = {isa = PBXFileReference; lastKnownFileType = sourcecode.swift; path = ArtistViewModel.swift; sourceTree = "<group>"; };
		90EFCA802943504A00A02069 /* GenresController.swift */ = {isa = PBXFileReference; lastKnownFileType = sourcecode.swift; path = GenresController.swift; sourceTree = "<group>"; };
		90EFCA822943505700A02069 /* GenresViewModel.swift */ = {isa = PBXFileReference; lastKnownFileType = sourcecode.swift; path = GenresViewModel.swift; sourceTree = "<group>"; };
		90EFCA842943514E00A02069 /* Genres.swift */ = {isa = PBXFileReference; lastKnownFileType = sourcecode.swift; path = Genres.swift; sourceTree = "<group>"; };
/* End PBXFileReference section */

/* Begin PBXFrameworksBuildPhase section */
		394CFF1329403E48006FB3A9 /* Frameworks */ = {
			isa = PBXFrameworksBuildPhase;
			buildActionMask = 2147483647;
			files = (
				39DC186329423CBF003EB688 /* Kingfisher in Frameworks */,
			);
			runOnlyForDeploymentPostprocessing = 0;
		};
		394CFF2929403E49006FB3A9 /* Frameworks */ = {
			isa = PBXFrameworksBuildPhase;
			buildActionMask = 2147483647;
			files = (
			);
			runOnlyForDeploymentPostprocessing = 0;
		};
		394CFF3329403E49006FB3A9 /* Frameworks */ = {
			isa = PBXFrameworksBuildPhase;
			buildActionMask = 2147483647;
			files = (
			);
			runOnlyForDeploymentPostprocessing = 0;
		};
/* End PBXFrameworksBuildPhase section */

/* Begin PBXGroup section */
		39483E0E2941B85B0071E668 /* Models */ = {
			isa = PBXGroup;
			children = (
				39483E0F2941B8780071E668 /* Album.swift */,
				39483E122941BC970071E668 /* ReleaseContainer.swift */,
				39483E142941BCA90071E668 /* Paginator.swift */,
				39483E162941BCF30071E668 /* Artist.swift */,
				90EFCA842943514E00A02069 /* Genres.swift */,
			);
			path = Models;
			sourceTree = "<group>";
		};
		394CFF0D29403E47006FB3A9 = {
			isa = PBXGroup;
			children = (
				394CFF1829403E48006FB3A9 /* Spotify Challenge */,
				394CFF2F29403E49006FB3A9 /* Spotify ChallengeTests */,
				394CFF3929403E49006FB3A9 /* Spotify ChallengeUITests */,
				394CFF1729403E48006FB3A9 /* Products */,
			);
			sourceTree = "<group>";
		};
		394CFF1729403E48006FB3A9 /* Products */ = {
			isa = PBXGroup;
			children = (
				394CFF1629403E48006FB3A9 /* Spotify Challenge.app */,
				394CFF2C29403E49006FB3A9 /* Spotify ChallengeTests.xctest */,
				394CFF3629403E49006FB3A9 /* Spotify ChallengeUITests.xctest */,
			);
			name = Products;
			sourceTree = "<group>";
		};
		394CFF1829403E48006FB3A9 /* Spotify Challenge */ = {
			isa = PBXGroup;
			children = (
				394CFF1929403E48006FB3A9 /* AppDelegate.swift */,
				394CFF1B29403E48006FB3A9 /* SceneDelegate.swift */,
				39CD709B294134ED00559D0E /* Constants.swift */,
				39CD70832940EAAE00559D0E /* Extensions */,
				39CD7095294131A400559D0E /* Helpers */,
				39483E0E2941B85B0071E668 /* Models */,
				39CD70872940EE1E00559D0E /* Resources */,
				39CD708F2940EF1E00559D0E /* Scenes */,
				39CD70942940EF8900559D0E /* Services */,
				394CFF2229403E48006FB3A9 /* Assets.xcassets */,
				394CFF2429403E48006FB3A9 /* LaunchScreen.storyboard */,
				394CFF2729403E48006FB3A9 /* Info.plist */,
			);
			path = "Spotify Challenge";
			sourceTree = "<group>";
		};
		394CFF2F29403E49006FB3A9 /* Spotify ChallengeTests */ = {
			isa = PBXGroup;
			children = (
				394CFF3029403E49006FB3A9 /* Spotify_ChallengeTests.swift */,
			);
			path = "Spotify ChallengeTests";
			sourceTree = "<group>";
		};
		394CFF3929403E49006FB3A9 /* Spotify ChallengeUITests */ = {
			isa = PBXGroup;
			children = (
				394CFF3A29403E49006FB3A9 /* Spotify_ChallengeUITests.swift */,
				394CFF3C29403E49006FB3A9 /* Spotify_ChallengeUITestsLaunchTests.swift */,
			);
			path = "Spotify ChallengeUITests";
			sourceTree = "<group>";
		};
		39CD70832940EAAE00559D0E /* Extensions */ = {
			isa = PBXGroup;
			children = (
				39CD70842940EAC200559D0E /* UIKit */,
			);
			path = Extensions;
			sourceTree = "<group>";
		};
		39CD70842940EAC200559D0E /* UIKit */ = {
			isa = PBXGroup;
			children = (
				39CD70852940EB2500559D0E /* UIColor+Ext.swift */,
				39DC185D29422DEA003EB688 /* UIView+Ext.swift */,
				39DC185F29423691003EB688 /* UIFont+Ext.swift */,
			);
			path = UIKit;
			sourceTree = "<group>";
		};
		39CD70872940EE1E00559D0E /* Resources */ = {
			isa = PBXGroup;
			children = (
				39CD70882940EE2500559D0E /* Fonts */,
			);
			path = Resources;
			sourceTree = "<group>";
		};
		39CD70882940EE2500559D0E /* Fonts */ = {
			isa = PBXGroup;
			children = (
				39CD70892940EEC100559D0E /* GothamBold.ttf */,
				39CD708A2940EEC100559D0E /* GothamLight.ttf */,
				39CD708B2940EEC200559D0E /* GothamMedium.ttf */,
			);
			path = Fonts;
			sourceTree = "<group>";
		};
		39CD708F2940EF1E00559D0E /* Scenes */ = {
			isa = PBXGroup;
			children = (
				90EFCA7F2943501B00A02069 /* Genres */,
				39CD70922940EF5700559D0E /* New Releases */,
				39CD70912940EF5200559D0E /* Common */,
				39CD70902940EF4500559D0E /* Artist */,
			);
			path = Scenes;
			sourceTree = "<group>";
		};
		39CD70902940EF4500559D0E /* Artist */ = {
			isa = PBXGroup;
			children = (
				39CD70812940E9E700559D0E /* ArtistController.swift */,
				9055D48F29430D7F003F70AB /* ArtistViewModel.swift */,
				9055D48A2942F765003F70AB /* Views */,
			);
			path = Artist;
			sourceTree = "<group>";
		};
		39CD70912940EF5200559D0E /* Common */ = {
			isa = PBXGroup;
			children = (
				9055D48B2942F790003F70AB /* GradientView.swift */,
				39CD707B2940E61500559D0E /* TabBarController.swift */,
			);
			path = Common;
			sourceTree = "<group>";
		};
		39CD70922940EF5700559D0E /* New Releases */ = {
			isa = PBXGroup;
			children = (
				39CD707D2940E9A500559D0E /* NewReleasesController.swift */,
				39DC186429426384003EB688 /* NewReleasesViewModel.swift */,
				39DC185829422B1F003EB688 /* Views */,
			);
			path = "New Releases";
			sourceTree = "<group>";
		};
		39CD70942940EF8900559D0E /* Services */ = {
			isa = PBXGroup;
			children = (
				39483E0C2941B0B80071E668 /* API.swift */,
			);
			path = Services;
			sourceTree = "<group>";
		};
		39CD7095294131A400559D0E /* Helpers */ = {
			isa = PBXGroup;
			children = (
				39CD7096294131B000559D0E /* Networking */,
			);
			path = Helpers;
			sourceTree = "<group>";
		};
		39CD7096294131B000559D0E /* Networking */ = {
			isa = PBXGroup;
			children = (
				39483E082941A9760071E668 /* APIManager.swift */,
				39483E0A2941AA2C0071E668 /* RequestManager.swift */,
				39CD7097294131C900559D0E /* RequestProtocol.swift */,
				39CD7099294131F900559D0E /* RequestType.swift */,
			);
			path = Networking;
			sourceTree = "<group>";
		};
		39DC185829422B1F003EB688 /* Views */ = {
			isa = PBXGroup;
			children = (
				39DC185B29422BA6003EB688 /* NewReleaseCell.swift */,
				9055D4882942BE48003F70AB /* NewReleaseLabelCell.swift */,
			);
			path = Views;
			sourceTree = "<group>";
		};
		39E2621D29438F580085397E /* Views */ = {
			isa = PBXGroup;
			children = (
				39E2621B29438F540085397E /* GenreCell.swift */,
			);
			path = Views;
			sourceTree = "<group>";
		};
		9055D48A2942F765003F70AB /* Views */ = {
			isa = PBXGroup;
			children = (
				9055D48D29430419003F70AB /* ArtistInfoVIew.swift */,
			);
			path = Views;
			sourceTree = "<group>";
		};
		90EFCA7F2943501B00A02069 /* Genres */ = {
			isa = PBXGroup;
			children = (
				90EFCA802943504A00A02069 /* GenresController.swift */,
				90EFCA822943505700A02069 /* GenresViewModel.swift */,
				39E2621D29438F580085397E /* Views */,
			);
			path = Genres;
			sourceTree = "<group>";
		};
/* End PBXGroup section */

/* Begin PBXNativeTarget section */
		394CFF1529403E48006FB3A9 /* Spotify Challenge */ = {
			isa = PBXNativeTarget;
			buildConfigurationList = 394CFF4029403E49006FB3A9 /* Build configuration list for PBXNativeTarget "Spotify Challenge" */;
			buildPhases = (
				394CFF1229403E48006FB3A9 /* Sources */,
				394CFF1329403E48006FB3A9 /* Frameworks */,
				394CFF1429403E48006FB3A9 /* Resources */,
			);
			buildRules = (
			);
			dependencies = (
			);
			name = "Spotify Challenge";
			packageProductDependencies = (
				39DC186229423CBF003EB688 /* Kingfisher */,
			);
			productName = "Spotify Challenge";
			productReference = 394CFF1629403E48006FB3A9 /* Spotify Challenge.app */;
			productType = "com.apple.product-type.application";
		};
		394CFF2B29403E49006FB3A9 /* Spotify ChallengeTests */ = {
			isa = PBXNativeTarget;
			buildConfigurationList = 394CFF4329403E49006FB3A9 /* Build configuration list for PBXNativeTarget "Spotify ChallengeTests" */;
			buildPhases = (
				394CFF2829403E49006FB3A9 /* Sources */,
				394CFF2929403E49006FB3A9 /* Frameworks */,
				394CFF2A29403E49006FB3A9 /* Resources */,
			);
			buildRules = (
			);
			dependencies = (
				394CFF2E29403E49006FB3A9 /* PBXTargetDependency */,
			);
			name = "Spotify ChallengeTests";
			productName = "Spotify ChallengeTests";
			productReference = 394CFF2C29403E49006FB3A9 /* Spotify ChallengeTests.xctest */;
			productType = "com.apple.product-type.bundle.unit-test";
		};
		394CFF3529403E49006FB3A9 /* Spotify ChallengeUITests */ = {
			isa = PBXNativeTarget;
			buildConfigurationList = 394CFF4629403E49006FB3A9 /* Build configuration list for PBXNativeTarget "Spotify ChallengeUITests" */;
			buildPhases = (
				394CFF3229403E49006FB3A9 /* Sources */,
				394CFF3329403E49006FB3A9 /* Frameworks */,
				394CFF3429403E49006FB3A9 /* Resources */,
			);
			buildRules = (
			);
			dependencies = (
				394CFF3829403E49006FB3A9 /* PBXTargetDependency */,
			);
			name = "Spotify ChallengeUITests";
			productName = "Spotify ChallengeUITests";
			productReference = 394CFF3629403E49006FB3A9 /* Spotify ChallengeUITests.xctest */;
			productType = "com.apple.product-type.bundle.ui-testing";
		};
/* End PBXNativeTarget section */

/* Begin PBXProject section */
		394CFF0E29403E47006FB3A9 /* Project object */ = {
			isa = PBXProject;
			attributes = {
				BuildIndependentTargetsInParallel = 1;
				LastSwiftUpdateCheck = 1400;
				LastUpgradeCheck = 1400;
				TargetAttributes = {
					394CFF1529403E48006FB3A9 = {
						CreatedOnToolsVersion = 14.0.1;
					};
					394CFF2B29403E49006FB3A9 = {
						CreatedOnToolsVersion = 14.0.1;
						TestTargetID = 394CFF1529403E48006FB3A9;
					};
					394CFF3529403E49006FB3A9 = {
						CreatedOnToolsVersion = 14.0.1;
						TestTargetID = 394CFF1529403E48006FB3A9;
					};
				};
			};
			buildConfigurationList = 394CFF1129403E47006FB3A9 /* Build configuration list for PBXProject "Spotify Challenge" */;
			compatibilityVersion = "Xcode 14.0";
			developmentRegion = en;
			hasScannedForEncodings = 0;
			knownRegions = (
				en,
				Base,
			);
			mainGroup = 394CFF0D29403E47006FB3A9;
			packageReferences = (
				39DC186129423CBF003EB688 /* XCRemoteSwiftPackageReference "Kingfisher" */,
			);
			productRefGroup = 394CFF1729403E48006FB3A9 /* Products */;
			projectDirPath = "";
			projectRoot = "";
			targets = (
				394CFF1529403E48006FB3A9 /* Spotify Challenge */,
				394CFF2B29403E49006FB3A9 /* Spotify ChallengeTests */,
				394CFF3529403E49006FB3A9 /* Spotify ChallengeUITests */,
			);
		};
/* End PBXProject section */

/* Begin PBXResourcesBuildPhase section */
		394CFF1429403E48006FB3A9 /* Resources */ = {
			isa = PBXResourcesBuildPhase;
			buildActionMask = 2147483647;
			files = (
				394CFF2629403E48006FB3A9 /* LaunchScreen.storyboard in Resources */,
				394CFF2329403E48006FB3A9 /* Assets.xcassets in Resources */,
				39CD708C2940EEC200559D0E /* GothamBold.ttf in Resources */,
				39CD708E2940EEC200559D0E /* GothamMedium.ttf in Resources */,
				39CD708D2940EEC200559D0E /* GothamLight.ttf in Resources */,
			);
			runOnlyForDeploymentPostprocessing = 0;
		};
		394CFF2A29403E49006FB3A9 /* Resources */ = {
			isa = PBXResourcesBuildPhase;
			buildActionMask = 2147483647;
			files = (
			);
			runOnlyForDeploymentPostprocessing = 0;
		};
		394CFF3429403E49006FB3A9 /* Resources */ = {
			isa = PBXResourcesBuildPhase;
			buildActionMask = 2147483647;
			files = (
			);
			runOnlyForDeploymentPostprocessing = 0;
		};
/* End PBXResourcesBuildPhase section */

/* Begin PBXSourcesBuildPhase section */
		394CFF1229403E48006FB3A9 /* Sources */ = {
			isa = PBXSourcesBuildPhase;
			buildActionMask = 2147483647;
			files = (
				39CD707C2940E61500559D0E /* TabBarController.swift in Sources */,
				394CFF1A29403E48006FB3A9 /* AppDelegate.swift in Sources */,
				39CD70822940E9E700559D0E /* ArtistController.swift in Sources */,
				9055D48C2942F790003F70AB /* GradientView.swift in Sources */,
				39DC186529426384003EB688 /* NewReleasesViewModel.swift in Sources */,
				9055D48E29430419003F70AB /* ArtistInfoVIew.swift in Sources */,
				39483E0B2941AA2C0071E668 /* RequestManager.swift in Sources */,
				90EFCA832943505700A02069 /* GenresViewModel.swift in Sources */,
				39DC186029423691003EB688 /* UIFont+Ext.swift in Sources */,
				39CD7098294131C900559D0E /* RequestProtocol.swift in Sources */,
				39483E102941B8780071E668 /* Album.swift in Sources */,
				9055D4892942BE48003F70AB /* NewReleaseLabelCell.swift in Sources */,
				39DC185E29422DEA003EB688 /* UIView+Ext.swift in Sources */,
				39483E092941A9760071E668 /* APIManager.swift in Sources */,
				394CFF1C29403E48006FB3A9 /* SceneDelegate.swift in Sources */,
				39CD709C294134ED00559D0E /* Constants.swift in Sources */,
				9055D49029430D7F003F70AB /* ArtistViewModel.swift in Sources */,
				39483E132941BC970071E668 /* ReleaseContainer.swift in Sources */,
				39483E0D2941B0B80071E668 /* API.swift in Sources */,
				39CD70862940EB2500559D0E /* UIColor+Ext.swift in Sources */,
				39CD707E2940E9A500559D0E /* NewReleasesController.swift in Sources */,
				39DC185C29422BA6003EB688 /* NewReleaseCell.swift in Sources */,
				39483E172941BCF30071E668 /* Artist.swift in Sources */,
				90EFCA852943514E00A02069 /* Genres.swift in Sources */,
				39E2621C29438F540085397E /* GenreCell.swift in Sources */,
				39CD709A294131F900559D0E /* RequestType.swift in Sources */,
				39483E152941BCA90071E668 /* Paginator.swift in Sources */,
				90EFCA812943504A00A02069 /* GenresController.swift in Sources */,
			);
			runOnlyForDeploymentPostprocessing = 0;
		};
		394CFF2829403E49006FB3A9 /* Sources */ = {
			isa = PBXSourcesBuildPhase;
			buildActionMask = 2147483647;
			files = (
				394CFF3129403E49006FB3A9 /* Spotify_ChallengeTests.swift in Sources */,
			);
			runOnlyForDeploymentPostprocessing = 0;
		};
		394CFF3229403E49006FB3A9 /* Sources */ = {
			isa = PBXSourcesBuildPhase;
			buildActionMask = 2147483647;
			files = (
				394CFF3B29403E49006FB3A9 /* Spotify_ChallengeUITests.swift in Sources */,
				394CFF3D29403E49006FB3A9 /* Spotify_ChallengeUITestsLaunchTests.swift in Sources */,
			);
			runOnlyForDeploymentPostprocessing = 0;
		};
/* End PBXSourcesBuildPhase section */

/* Begin PBXTargetDependency section */
		394CFF2E29403E49006FB3A9 /* PBXTargetDependency */ = {
			isa = PBXTargetDependency;
			target = 394CFF1529403E48006FB3A9 /* Spotify Challenge */;
			targetProxy = 394CFF2D29403E49006FB3A9 /* PBXContainerItemProxy */;
		};
		394CFF3829403E49006FB3A9 /* PBXTargetDependency */ = {
			isa = PBXTargetDependency;
			target = 394CFF1529403E48006FB3A9 /* Spotify Challenge */;
			targetProxy = 394CFF3729403E49006FB3A9 /* PBXContainerItemProxy */;
		};
/* End PBXTargetDependency section */

/* Begin PBXVariantGroup section */
		394CFF2429403E48006FB3A9 /* LaunchScreen.storyboard */ = {
			isa = PBXVariantGroup;
			children = (
				394CFF2529403E48006FB3A9 /* Base */,
			);
			name = LaunchScreen.storyboard;
			sourceTree = "<group>";
		};
/* End PBXVariantGroup section */

/* Begin XCBuildConfiguration section */
		394CFF3E29403E49006FB3A9 /* Debug */ = {
			isa = XCBuildConfiguration;
			buildSettings = {
				ALWAYS_SEARCH_USER_PATHS = NO;
				CLANG_ANALYZER_NONNULL = YES;
				CLANG_ANALYZER_NUMBER_OBJECT_CONVERSION = YES_AGGRESSIVE;
				CLANG_CXX_LANGUAGE_STANDARD = "gnu++20";
				CLANG_ENABLE_MODULES = YES;
				CLANG_ENABLE_OBJC_ARC = YES;
				CLANG_ENABLE_OBJC_WEAK = YES;
				CLANG_WARN_BLOCK_CAPTURE_AUTORELEASING = YES;
				CLANG_WARN_BOOL_CONVERSION = YES;
				CLANG_WARN_COMMA = YES;
				CLANG_WARN_CONSTANT_CONVERSION = YES;
				CLANG_WARN_DEPRECATED_OBJC_IMPLEMENTATIONS = YES;
				CLANG_WARN_DIRECT_OBJC_ISA_USAGE = YES_ERROR;
				CLANG_WARN_DOCUMENTATION_COMMENTS = YES;
				CLANG_WARN_EMPTY_BODY = YES;
				CLANG_WARN_ENUM_CONVERSION = YES;
				CLANG_WARN_INFINITE_RECURSION = YES;
				CLANG_WARN_INT_CONVERSION = YES;
				CLANG_WARN_NON_LITERAL_NULL_CONVERSION = YES;
				CLANG_WARN_OBJC_IMPLICIT_RETAIN_SELF = YES;
				CLANG_WARN_OBJC_LITERAL_CONVERSION = YES;
				CLANG_WARN_OBJC_ROOT_CLASS = YES_ERROR;
				CLANG_WARN_QUOTED_INCLUDE_IN_FRAMEWORK_HEADER = YES;
				CLANG_WARN_RANGE_LOOP_ANALYSIS = YES;
				CLANG_WARN_STRICT_PROTOTYPES = YES;
				CLANG_WARN_SUSPICIOUS_MOVE = YES;
				CLANG_WARN_UNGUARDED_AVAILABILITY = YES_AGGRESSIVE;
				CLANG_WARN_UNREACHABLE_CODE = YES;
				CLANG_WARN__DUPLICATE_METHOD_MATCH = YES;
				COPY_PHASE_STRIP = NO;
				DEBUG_INFORMATION_FORMAT = dwarf;
				ENABLE_STRICT_OBJC_MSGSEND = YES;
				ENABLE_TESTABILITY = YES;
				GCC_C_LANGUAGE_STANDARD = gnu11;
				GCC_DYNAMIC_NO_PIC = NO;
				GCC_NO_COMMON_BLOCKS = YES;
				GCC_OPTIMIZATION_LEVEL = 0;
				GCC_PREPROCESSOR_DEFINITIONS = (
					"DEBUG=1",
					"$(inherited)",
				);
				GCC_WARN_64_TO_32_BIT_CONVERSION = YES;
				GCC_WARN_ABOUT_RETURN_TYPE = YES_ERROR;
				GCC_WARN_UNDECLARED_SELECTOR = YES;
				GCC_WARN_UNINITIALIZED_AUTOS = YES_AGGRESSIVE;
				GCC_WARN_UNUSED_FUNCTION = YES;
				GCC_WARN_UNUSED_VARIABLE = YES;
				IPHONEOS_DEPLOYMENT_TARGET = 16.0;
				MTL_ENABLE_DEBUG_INFO = INCLUDE_SOURCE;
				MTL_FAST_MATH = YES;
				ONLY_ACTIVE_ARCH = YES;
				SDKROOT = iphoneos;
				SWIFT_ACTIVE_COMPILATION_CONDITIONS = DEBUG;
				SWIFT_OPTIMIZATION_LEVEL = "-Onone";
			};
			name = Debug;
		};
		394CFF3F29403E49006FB3A9 /* Release */ = {
			isa = XCBuildConfiguration;
			buildSettings = {
				ALWAYS_SEARCH_USER_PATHS = NO;
				CLANG_ANALYZER_NONNULL = YES;
				CLANG_ANALYZER_NUMBER_OBJECT_CONVERSION = YES_AGGRESSIVE;
				CLANG_CXX_LANGUAGE_STANDARD = "gnu++20";
				CLANG_ENABLE_MODULES = YES;
				CLANG_ENABLE_OBJC_ARC = YES;
				CLANG_ENABLE_OBJC_WEAK = YES;
				CLANG_WARN_BLOCK_CAPTURE_AUTORELEASING = YES;
				CLANG_WARN_BOOL_CONVERSION = YES;
				CLANG_WARN_COMMA = YES;
				CLANG_WARN_CONSTANT_CONVERSION = YES;
				CLANG_WARN_DEPRECATED_OBJC_IMPLEMENTATIONS = YES;
				CLANG_WARN_DIRECT_OBJC_ISA_USAGE = YES_ERROR;
				CLANG_WARN_DOCUMENTATION_COMMENTS = YES;
				CLANG_WARN_EMPTY_BODY = YES;
				CLANG_WARN_ENUM_CONVERSION = YES;
				CLANG_WARN_INFINITE_RECURSION = YES;
				CLANG_WARN_INT_CONVERSION = YES;
				CLANG_WARN_NON_LITERAL_NULL_CONVERSION = YES;
				CLANG_WARN_OBJC_IMPLICIT_RETAIN_SELF = YES;
				CLANG_WARN_OBJC_LITERAL_CONVERSION = YES;
				CLANG_WARN_OBJC_ROOT_CLASS = YES_ERROR;
				CLANG_WARN_QUOTED_INCLUDE_IN_FRAMEWORK_HEADER = YES;
				CLANG_WARN_RANGE_LOOP_ANALYSIS = YES;
				CLANG_WARN_STRICT_PROTOTYPES = YES;
				CLANG_WARN_SUSPICIOUS_MOVE = YES;
				CLANG_WARN_UNGUARDED_AVAILABILITY = YES_AGGRESSIVE;
				CLANG_WARN_UNREACHABLE_CODE = YES;
				CLANG_WARN__DUPLICATE_METHOD_MATCH = YES;
				COPY_PHASE_STRIP = NO;
				DEBUG_INFORMATION_FORMAT = "dwarf-with-dsym";
				ENABLE_NS_ASSERTIONS = NO;
				ENABLE_STRICT_OBJC_MSGSEND = YES;
				GCC_C_LANGUAGE_STANDARD = gnu11;
				GCC_NO_COMMON_BLOCKS = YES;
				GCC_WARN_64_TO_32_BIT_CONVERSION = YES;
				GCC_WARN_ABOUT_RETURN_TYPE = YES_ERROR;
				GCC_WARN_UNDECLARED_SELECTOR = YES;
				GCC_WARN_UNINITIALIZED_AUTOS = YES_AGGRESSIVE;
				GCC_WARN_UNUSED_FUNCTION = YES;
				GCC_WARN_UNUSED_VARIABLE = YES;
				IPHONEOS_DEPLOYMENT_TARGET = 16.0;
				MTL_ENABLE_DEBUG_INFO = NO;
				MTL_FAST_MATH = YES;
				SDKROOT = iphoneos;
				SWIFT_COMPILATION_MODE = wholemodule;
				SWIFT_OPTIMIZATION_LEVEL = "-O";
				VALIDATE_PRODUCT = YES;
			};
			name = Release;
		};
		394CFF4129403E49006FB3A9 /* Debug */ = {
			isa = XCBuildConfiguration;
			buildSettings = {
				ASSETCATALOG_COMPILER_APPICON_NAME = AppIcon;
				ASSETCATALOG_COMPILER_GLOBAL_ACCENT_COLOR_NAME = AccentColor;
				CODE_SIGN_STYLE = Automatic;
				CURRENT_PROJECT_VERSION = 1;
				DEVELOPMENT_TEAM = "";
				GENERATE_INFOPLIST_FILE = YES;
				INFOPLIST_FILE = "Spotify Challenge/Info.plist";
				INFOPLIST_KEY_UIApplicationSupportsIndirectInputEvents = YES;
				INFOPLIST_KEY_UILaunchStoryboardName = LaunchScreen;
				INFOPLIST_KEY_UISupportedInterfaceOrientations_iPad = "UIInterfaceOrientationPortrait UIInterfaceOrientationPortraitUpsideDown UIInterfaceOrientationLandscapeLeft UIInterfaceOrientationLandscapeRight";
				INFOPLIST_KEY_UISupportedInterfaceOrientations_iPhone = "UIInterfaceOrientationPortrait UIInterfaceOrientationLandscapeLeft UIInterfaceOrientationLandscapeRight";
				LD_RUNPATH_SEARCH_PATHS = (
					"$(inherited)",
					"@executable_path/Frameworks",
				);
				MARKETING_VERSION = 1.0;
				PRODUCT_BUNDLE_IDENTIFIER = "com.mobdev.Spotify-Challenge";
				PRODUCT_NAME = "$(TARGET_NAME)";
				SWIFT_EMIT_LOC_STRINGS = YES;
				SWIFT_VERSION = 5.0;
				TARGETED_DEVICE_FAMILY = "1,2";
			};
			name = Debug;
		};
		394CFF4229403E49006FB3A9 /* Release */ = {
			isa = XCBuildConfiguration;
			buildSettings = {
				ASSETCATALOG_COMPILER_APPICON_NAME = AppIcon;
				ASSETCATALOG_COMPILER_GLOBAL_ACCENT_COLOR_NAME = AccentColor;
				CODE_SIGN_STYLE = Automatic;
				CURRENT_PROJECT_VERSION = 1;
				DEVELOPMENT_TEAM = "";
				GENERATE_INFOPLIST_FILE = YES;
				INFOPLIST_FILE = "Spotify Challenge/Info.plist";
				INFOPLIST_KEY_UIApplicationSupportsIndirectInputEvents = YES;
				INFOPLIST_KEY_UILaunchStoryboardName = LaunchScreen;
				INFOPLIST_KEY_UISupportedInterfaceOrientations_iPad = "UIInterfaceOrientationPortrait UIInterfaceOrientationPortraitUpsideDown UIInterfaceOrientationLandscapeLeft UIInterfaceOrientationLandscapeRight";
				INFOPLIST_KEY_UISupportedInterfaceOrientations_iPhone = "UIInterfaceOrientationPortrait UIInterfaceOrientationLandscapeLeft UIInterfaceOrientationLandscapeRight";
				LD_RUNPATH_SEARCH_PATHS = (
					"$(inherited)",
					"@executable_path/Frameworks",
				);
				MARKETING_VERSION = 1.0;
				PRODUCT_BUNDLE_IDENTIFIER = "com.mobdev.Spotify-Challenge";
				PRODUCT_NAME = "$(TARGET_NAME)";
				SWIFT_EMIT_LOC_STRINGS = YES;
				SWIFT_VERSION = 5.0;
				TARGETED_DEVICE_FAMILY = "1,2";
			};
			name = Release;
		};
		394CFF4429403E49006FB3A9 /* Debug */ = {
			isa = XCBuildConfiguration;
			buildSettings = {
				ALWAYS_EMBED_SWIFT_STANDARD_LIBRARIES = YES;
				BUNDLE_LOADER = "$(TEST_HOST)";
				CODE_SIGN_STYLE = Automatic;
				CURRENT_PROJECT_VERSION = 1;
				GENERATE_INFOPLIST_FILE = YES;
				IPHONEOS_DEPLOYMENT_TARGET = 16.0;
				MARKETING_VERSION = 1.0;
				PRODUCT_BUNDLE_IDENTIFIER = "com.mobdev.Spotify-ChallengeTests";
				PRODUCT_NAME = "$(TARGET_NAME)";
				SWIFT_EMIT_LOC_STRINGS = NO;
				SWIFT_VERSION = 5.0;
				TARGETED_DEVICE_FAMILY = "1,2";
				TEST_HOST = "$(BUILT_PRODUCTS_DIR)/Spotify Challenge.app/$(BUNDLE_EXECUTABLE_FOLDER_PATH)/Spotify Challenge";
			};
			name = Debug;
		};
		394CFF4529403E49006FB3A9 /* Release */ = {
			isa = XCBuildConfiguration;
			buildSettings = {
				ALWAYS_EMBED_SWIFT_STANDARD_LIBRARIES = YES;
				BUNDLE_LOADER = "$(TEST_HOST)";
				CODE_SIGN_STYLE = Automatic;
				CURRENT_PROJECT_VERSION = 1;
				GENERATE_INFOPLIST_FILE = YES;
				IPHONEOS_DEPLOYMENT_TARGET = 16.0;
				MARKETING_VERSION = 1.0;
				PRODUCT_BUNDLE_IDENTIFIER = "com.mobdev.Spotify-ChallengeTests";
				PRODUCT_NAME = "$(TARGET_NAME)";
				SWIFT_EMIT_LOC_STRINGS = NO;
				SWIFT_VERSION = 5.0;
				TARGETED_DEVICE_FAMILY = "1,2";
				TEST_HOST = "$(BUILT_PRODUCTS_DIR)/Spotify Challenge.app/$(BUNDLE_EXECUTABLE_FOLDER_PATH)/Spotify Challenge";
			};
			name = Release;
		};
		394CFF4729403E49006FB3A9 /* Debug */ = {
			isa = XCBuildConfiguration;
			buildSettings = {
				ALWAYS_EMBED_SWIFT_STANDARD_LIBRARIES = YES;
				CODE_SIGN_STYLE = Automatic;
				CURRENT_PROJECT_VERSION = 1;
				GENERATE_INFOPLIST_FILE = YES;
				MARKETING_VERSION = 1.0;
				PRODUCT_BUNDLE_IDENTIFIER = "com.mobdev.Spotify-ChallengeUITests";
				PRODUCT_NAME = "$(TARGET_NAME)";
				SWIFT_EMIT_LOC_STRINGS = NO;
				SWIFT_VERSION = 5.0;
				TARGETED_DEVICE_FAMILY = "1,2";
				TEST_TARGET_NAME = "Spotify Challenge";
			};
			name = Debug;
		};
		394CFF4829403E49006FB3A9 /* Release */ = {
			isa = XCBuildConfiguration;
			buildSettings = {
				ALWAYS_EMBED_SWIFT_STANDARD_LIBRARIES = YES;
				CODE_SIGN_STYLE = Automatic;
				CURRENT_PROJECT_VERSION = 1;
				GENERATE_INFOPLIST_FILE = YES;
				MARKETING_VERSION = 1.0;
				PRODUCT_BUNDLE_IDENTIFIER = "com.mobdev.Spotify-ChallengeUITests";
				PRODUCT_NAME = "$(TARGET_NAME)";
				SWIFT_EMIT_LOC_STRINGS = NO;
				SWIFT_VERSION = 5.0;
				TARGETED_DEVICE_FAMILY = "1,2";
				TEST_TARGET_NAME = "Spotify Challenge";
			};
			name = Release;
		};
/* End XCBuildConfiguration section */

/* Begin XCConfigurationList section */
		394CFF1129403E47006FB3A9 /* Build configuration list for PBXProject "Spotify Challenge" */ = {
			isa = XCConfigurationList;
			buildConfigurations = (
				394CFF3E29403E49006FB3A9 /* Debug */,
				394CFF3F29403E49006FB3A9 /* Release */,
			);
			defaultConfigurationIsVisible = 0;
			defaultConfigurationName = Release;
		};
		394CFF4029403E49006FB3A9 /* Build configuration list for PBXNativeTarget "Spotify Challenge" */ = {
			isa = XCConfigurationList;
			buildConfigurations = (
				394CFF4129403E49006FB3A9 /* Debug */,
				394CFF4229403E49006FB3A9 /* Release */,
			);
			defaultConfigurationIsVisible = 0;
			defaultConfigurationName = Release;
		};
		394CFF4329403E49006FB3A9 /* Build configuration list for PBXNativeTarget "Spotify ChallengeTests" */ = {
			isa = XCConfigurationList;
			buildConfigurations = (
				394CFF4429403E49006FB3A9 /* Debug */,
				394CFF4529403E49006FB3A9 /* Release */,
			);
			defaultConfigurationIsVisible = 0;
			defaultConfigurationName = Release;
		};
		394CFF4629403E49006FB3A9 /* Build configuration list for PBXNativeTarget "Spotify ChallengeUITests" */ = {
			isa = XCConfigurationList;
			buildConfigurations = (
				394CFF4729403E49006FB3A9 /* Debug */,
				394CFF4829403E49006FB3A9 /* Release */,
			);
			defaultConfigurationIsVisible = 0;
			defaultConfigurationName = Release;
		};
/* End XCConfigurationList section */

/* Begin XCRemoteSwiftPackageReference section */
		39DC186129423CBF003EB688 /* XCRemoteSwiftPackageReference "Kingfisher" */ = {
			isa = XCRemoteSwiftPackageReference;
			repositoryURL = "https://github.com/onevcat/Kingfisher.git";
			requirement = {
				branch = master;
				kind = branch;
			};
		};
/* End XCRemoteSwiftPackageReference section */

/* Begin XCSwiftPackageProductDependency section */
		39DC186229423CBF003EB688 /* Kingfisher */ = {
			isa = XCSwiftPackageProductDependency;
			package = 39DC186129423CBF003EB688 /* XCRemoteSwiftPackageReference "Kingfisher" */;
			productName = Kingfisher;
		};
/* End XCSwiftPackageProductDependency section */
	};
	rootObject = 394CFF0E29403E47006FB3A9 /* Project object */;
}
